# This file is automatically @generated by Cargo.
# It is not intended for manual editing.
version = 4

[[package]]
name = "autocfg"
version = "1.4.0"
source = "registry+https://github.com/rust-lang/crates.io-index"
checksum = "ace50bade8e6234aa140d9a2f552bbee1db4d353f69b8217bc503490fc1a9f26"

[[package]]
name = "bitflags"
version = "2.9.0"
source = "registry+https://github.com/rust-lang/crates.io-index"
checksum = "5c8214115b7bf84099f1309324e63141d4c5d7cc26862f97a0a857dbefe165bd"

[[package]]
name = "bytemuck"
version = "1.22.0"
source = "registry+https://github.com/rust-lang/crates.io-index"
checksum = "b6b1fc10dbac614ebc03540c9dbd60e83887fda27794998c6528f1782047d540"

[[package]]
name = "byteorder-lite"
version = "0.1.0"
source = "registry+https://github.com/rust-lang/crates.io-index"
checksum = "8f1fe948ff07f4bd06c30984e69f5b4899c516a3ef74f34df92a2df2ab535495"

[[package]]
name = "cc"
version = "1.2.19"
source = "registry+https://github.com/rust-lang/crates.io-index"
checksum = "8e3a13707ac958681c13b39b458c073d0d9bc8a22cb1b2f4c8e55eb72c13f362"
dependencies = [
 "shlex",
]

[[package]]
name = "cmake"
version = "0.1.54"
source = "registry+https://github.com/rust-lang/crates.io-index"
checksum = "e7caa3f9de89ddbe2c607f4101924c5abec803763ae9534e4f4d7d8f84aa81f0"
dependencies = [
 "cc",
]

[[package]]
name = "image"
version = "0.25.6"
source = "registry+https://github.com/rust-lang/crates.io-index"
checksum = "db35664ce6b9810857a38a906215e75a9c879f0696556a39f59c62829710251a"
dependencies = [
 "bytemuck",
 "byteorder-lite",
 "num-traits",
]

[[package]]
name = "link-cplusplus"
version = "1.0.10"
source = "registry+https://github.com/rust-lang/crates.io-index"
checksum = "4a6f6da007f968f9def0d65a05b187e2960183de70c160204ecfccf0ee330212"
dependencies = [
 "cc",
]

[[package]]
name = "num-traits"
version = "0.2.19"
source = "registry+https://github.com/rust-lang/crates.io-index"
checksum = "071dfc062690e90b734c0b2273ce72ad0ffa95f0c74596bc250dcfd960262841"
dependencies = [
 "autocfg",
]

[[package]]
name = "pkg-config"
version = "0.3.32"
source = "registry+https://github.com/rust-lang/crates.io-index"
checksum = "7edddbd0b52d732b21ad9a5fab5c704c14cd949e5e9a1ec5929a24fded1b904c"

[[package]]
name = "sf2g"
version = "0.1.0"
source = "registry+https://github.com/rust-lang/crates.io-index"
checksum = "5a4d7b742a108be4722300788e0f208875e4c225c38ebf9387f434e7c2b341ee"
dependencies = [
 "bitflags",
 "cc",
 "cmake",
 "image",
 "link-cplusplus",
 "num-traits",
 "pkg-config",
 "widestring",
]

[[package]]
name = "sf2g-xt"
version = "0.1.0"
dependencies = [
 "sf2g",
]

[[package]]
name = "shlex"
version = "1.3.0"
source = "registry+https://github.com/rust-lang/crates.io-index"
checksum = "0fda2ff0d084019ba4d7c6f371c95d8fd75ce3524c3cb8fb653a3023f6323e64"

[[package]]
name = "widestring"
version = "1.2.0"
source = "registry+https://github.com/rust-lang/crates.io-index"
checksum = "dd7cf3379ca1aac9eea11fba24fd7e315d621f8dfe35c8d7d2be8b793726e07d"
